{
  "version": "5",
  "specifiers": {
    "jsr:@deno/esbuild-plugin@^1.2.0": "1.2.1",
    "jsr:@deno/kv-oauth@0.11": "0.11.0",
    "jsr:@deno/loader@~0.3.10": "0.3.14",
    "jsr:@fresh/build-id@1": "1.0.1",
    "jsr:@fresh/core@^2.3.3": "2.3.3",
    "jsr:@std/assert@0.221": "0.221.0",
    "jsr:@std/assert@1": "1.0.19",
    "jsr:@std/async@0.221": "0.221.0",
    "jsr:@std/bytes@^1.0.6": "1.0.6",
    "jsr:@std/cli@0.221": "0.221.0",
    "jsr:@std/cli@^1.0.29": "1.0.29",
    "jsr:@std/collections@^1.1.0": "1.1.7",
    "jsr:@std/datetime@0.221": "0.221.0",
    "jsr:@std/datetime@0.225": "0.225.2",
    "jsr:@std/dotenv@0.225": "0.225.6",
    "jsr:@std/encoding@0.221": "0.221.0",
    "jsr:@std/encoding@^1.0.10": "1.0.10",
    "jsr:@std/fmt@0.221": "0.221.0",
    "jsr:@std/fmt@^1.0.10": "1.0.10",
    "jsr:@std/fmt@^1.0.8": "1.0.10",
    "jsr:@std/fs@^1.0.19": "1.0.23",
    "jsr:@std/fs@^1.0.23": "1.0.23",
    "jsr:@std/html@^1.0.5": "1.0.6",
    "jsr:@std/html@^1.0.6": "1.0.6",
    "jsr:@std/http@0.221": "0.221.0",
    "jsr:@std/http@^1.0.21": "1.1.0",
    "jsr:@std/http@^1.1.0": "1.1.0",
    "jsr:@std/internal@^1.0.12": "1.0.13",
    "jsr:@std/json@^1.0.2": "1.1.0",
    "jsr:@std/jsonc@^1.0.2": "1.0.2",
    "jsr:@std/media-types@0.221": "0.221.0",
    "jsr:@std/media-types@^1.1.0": "1.1.0",
    "jsr:@std/net@^1.0.6": "1.0.6",
    "jsr:@std/path@0.221": "0.221.0",
    "jsr:@std/path@^1.1.1": "1.1.4",
    "jsr:@std/path@^1.1.2": "1.1.4",
    "jsr:@std/path@^1.1.4": "1.1.4",
    "jsr:@std/semver@^1.0.6": "1.0.8",
    "jsr:@std/streams@0.221": "0.221.0",
    "jsr:@std/streams@^1.1.0": "1.1.0",
    "jsr:@std/ulid@1": "1.0.0",
    "jsr:@std/uuid@^1.0.9": "1.1.1",
    "npm:@opentelemetry/api@^1.9.0": "1.9.1",
    "npm:@preact/signals@^2.5.1": "2.9.0_preact@10.29.1",
    "npm:@preact/signals@^2.9.0": "2.9.0_preact@10.29.1",
    "npm:browserslist@^4.24.4": "4.28.2",
    "npm:esbuild-wasm@~0.25.11": "0.25.12",
    "npm:esbuild@0.25.7": "0.25.7",
    "npm:esbuild@~0.25.5": "0.25.7",
    "npm:fast-blurhash@^1.1.4": "1.1.4",
    "npm:gravatar@^1.8.2": "1.8.2",
    "npm:lightningcss@^1.29.1": "1.29.1",
    "npm:marked@^15.0.6": "15.0.6",
    "npm:preact-render-to-string@^6.6.3": "6.6.7_preact@10.29.1",
    "npm:preact@^10.28.2": "10.29.1",
    "npm:preact@^10.29.1": "10.29.1"
  },
  "jsr": {
    "@deno/esbuild-plugin@1.2.1": {
      "integrity": "df629467913adc1f960149fdfa3a3430ba8c20381c310fba096db244e6c3c9f6",
      "dependencies": [
        "jsr:@deno/loader",
        "jsr:@std/path@^1.1.1",
        "npm:esbuild@~0.25.5"
      ]
    },
    "@deno/kv-oauth@0.11.0": {
      "integrity": "17a8822fde1573563b8bdb526d925e398a4b92394381273bad1e837fb4a6c8b2",
      "dependencies": [
        "jsr:@std/datetime@0.221",
        "jsr:@std/http@0.221"
      ]
    },
    "@deno/loader@0.3.14": {
      "integrity": "97bc63a6cc2d27a60bcdc953f588c5213331d866d44212eebb24cebfb9b011ca"
    },
    "@fresh/build-id@1.0.1": {
      "integrity": "12a2ec25fd52ae9ec68c26848a5696cd1c9b537f7c983c7e56e4fb1e7e816c20",
      "dependencies": [
        "jsr:@std/encoding@^1.0.10"
      ]
    },
    "@fresh/core@2.3.3": {
      "integrity": "6c2aad199976644352c89a1d601f3ef331b1d24cdadb53ed469324a303598383",
      "dependencies": [
        "jsr:@deno/esbuild-plugin",
        "jsr:@fresh/build-id",
        "jsr:@std/encoding@^1.0.10",
        "jsr:@std/fmt@^1.0.8",
        "jsr:@std/fs@^1.0.19",
        "jsr:@std/html@^1.0.5",
        "jsr:@std/http@^1.0.21",
        "jsr:@std/jsonc",
        "jsr:@std/media-types@^1.1.0",
        "jsr:@std/net",
        "jsr:@std/path@^1.1.2",
        "jsr:@std/semver",
        "jsr:@std/uuid",
        "npm:@opentelemetry/api",
        "npm:@preact/signals@^2.5.1",
        "npm:esbuild-wasm",
        "npm:esbuild@0.25.7",
        "npm:preact-render-to-string",
        "npm:preact@^10.28.2",
        "npm:preact@^10.29.1"
      ]
    },
    "@std/assert@0.221.0": {
      "integrity": "a5f1aa6e7909dbea271754fd4ab3f4e687aeff4873b4cef9a320af813adb489a"
    },
    "@std/assert@1.0.19": {
      "integrity": "eaada96ee120cb980bc47e040f82814d786fe8162ecc53c91d8df60b8755991e",
      "dependencies": [
        "jsr:@std/internal"
      ]
    },
    "@std/async@0.221.0": {
      "integrity": "f5519861754a1bb2898d227dd8ccb545abc975534aa9063e53911d6cb4e365cf"
    },
    "@std/bytes@1.0.6": {
      "integrity": "f6ac6adbd8ccd99314045f5703e23af0a68d7f7e58364b47d2c7f408aeb5820a"
    },
    "@std/cli@0.221.0": {
      "integrity": "157c2f881f0f85a73d994e7668754aeeccdf597680bd9c65de9c6bcd670416ac",
      "dependencies": [
        "jsr:@std/assert@0.221"
      ]
    },
    "@std/cli@1.0.29": {
      "integrity": "fa4ef29130baa834d8a13b7d138240c3a2fcfba740bfb7afa646a360a15ec84f"
    },
    "@std/collections@1.1.7": {
      "integrity": "56f659d011218a69740b12829cf5ea2c9b70bbed0af02597e27dc1eb5e69e208"
    },
    "@std/datetime@0.221.0": {
      "integrity": "41188de53bd811a0f04955b1cec0ce65f9b8fec293529818c829a55dfcce5031"
    },
    "@std/datetime@0.225.2": {
      "integrity": "45f0100554a912cd65f48089ef0a33aa1eb6ea21f08090840b539ab582827eaa"
    },
    "@std/dotenv@0.225.6": {
      "integrity": "1d6f9db72f565bd26790fa034c26e45ecb260b5245417be76c2279e5734c421b"
    },
    "@std/encoding@0.221.0": {
      "integrity": "d1dd76ef0dc5d14088411e6dc1dede53bf8308c95d1537df1214c97137208e45"
    },
    "@std/encoding@1.0.10": {
      "integrity": "8783c6384a2d13abd5e9e87a7ae0520a30e9f56aeeaa3bdf910a3eaaf5c811a1"
    },
    "@std/fmt@0.221.0": {
      "integrity": "379fed69bdd9731110f26b9085aeb740606b20428ce6af31ef6bd45ef8efa62a"
    },
    "@std/fmt@1.0.10": {
      "integrity": "90dfba288802ac6de82fb31d0917eb9e4450b9925b954d5e51fc29ac07419db5"
    },
    "@std/fs@1.0.23": {
      "integrity": "3ecbae4ce4fee03b180fa710caff36bb5adb66631c46a6460aaad49515565a37",
      "dependencies": [
        "jsr:@std/path@^1.1.4"
      ]
    },
    "@std/html@1.0.6": {
      "integrity": "eaf759c8141e0733ca30eb49e4c08d8e6ca442b85c4d51f9894a56f502993e08"
    },
    "@std/http@0.221.0": {
      "integrity": "35fdcfed1501f2052338bf7ffba5d66f1455f2fffc01e9d7cf13eed548fffbaa",
      "dependencies": [
        "jsr:@std/assert@0.221",
        "jsr:@std/async",
        "jsr:@std/cli@0.221",
        "jsr:@std/encoding@0.221",
        "jsr:@std/fmt@0.221",
        "jsr:@std/media-types@0.221",
        "jsr:@std/path@0.221",
        "jsr:@std/streams@0.221"
      ]
    },
    "@std/http@1.1.0": {
      "integrity": "265cd9a589fea924c5bb0bbed8bebb4bb2fa19129f760bd014e78dbd7a365a51",
      "dependencies": [
        "jsr:@std/cli@^1.0.29",
        "jsr:@std/encoding@^1.0.10",
        "jsr:@std/fmt@^1.0.10",
        "jsr:@std/fs@^1.0.23",
        "jsr:@std/html@^1.0.6",
        "jsr:@std/media-types@^1.1.0",
        "jsr:@std/net",
        "jsr:@std/path@^1.1.4",
        "jsr:@std/streams@^1.1.0"
      ]
    },
    "@std/internal@1.0.13": {
      "integrity": "2f9546691d4ac2d32859c82dff284aaeac980ddeca38430d07941e7e288725c0"
    },
    "@std/json@1.1.0": {
      "integrity": "93330d3ed4054d6b1ffe54b075432c80a5f671be77277b978931e018014cb1cc"
    },
    "@std/jsonc@1.0.2": {
      "integrity": "909605dae3af22bd75b1cbda8d64a32cf1fd2cf6efa3f9e224aba6d22c0f44c7",
      "dependencies": [
        "jsr:@std/json"
      ]
    },
    "@std/media-types@0.221.0": {
      "integrity": "572addcbda2a21367c1f8eaa8c72fea6654b50779027dbde9f693aaa4bac30c3"
    },
    "@std/media-types@1.1.0": {
      "integrity": "c9d093f0c05c3512932b330e3cc1fe1d627b301db33a4c2c2185c02471d6eaa4"
    },
    "@std/net@1.0.6": {
      "integrity": "110735f93e95bb9feb95790a8b1d1bf69ec0dc74f3f97a00a76ea5efea25500c"
    },
    "@std/path@0.221.0": {
      "integrity": "0a36f6b17314ef653a3a1649740cc8db51b25a133ecfe838f20b79a56ebe0095",
      "dependencies": [
        "jsr:@std/assert@0.221"
      ]
    },
    "@std/path@1.1.4": {
      "integrity": "1d2d43f39efb1b42f0b1882a25486647cb851481862dc7313390b2bb044314b5",
      "dependencies": [
        "jsr:@std/internal"
      ]
    },
    "@std/semver@1.0.8": {
      "integrity": "dc830e8b8b6a380c895d53fbfd1258dc253704ca57bbe1629ac65fd7830179b7"
    },
    "@std/streams@0.221.0": {
      "integrity": "47f2f74634b47449277c0ee79fe878da4424b66bd8975c032e3afdca88986e61",
      "dependencies": [
        "jsr:@std/assert@0.221"
      ]
    },
    "@std/streams@1.1.0": {
      "integrity": "2f7024d841f343fd478afe0c958a3f0f068ef2a0d2bcc954f550f97ac1fa22e3"
    },
    "@std/ulid@1.0.0": {
      "integrity": "d41c3d27a907714413649fee864b7cde8d42ee68437d22b79d5de4f81d808780"
    },
    "@std/uuid@1.1.1": {
      "integrity": "7b49060282d90f72fec64952f8c7a2914cbe6fdba3eca665f8cedc90830154a7",
      "dependencies": [
        "jsr:@std/bytes"
      ]
    }
  },
  "npm": {
    "@esbuild/aix-ppc64@0.25.7": {
      "integrity": "sha512-uD0kKFHh6ETr8TqEtaAcV+dn/2qnYbH/+8wGEdY70Qf7l1l/jmBUbrmQqwiPKAQE6cOQ7dTj6Xr0HzQDGHyceQ==",
      "os": ["aix"],
      "cpu": ["ppc64"]
    },
    "@esbuild/android-arm64@0.25.7": {
      "integrity": "sha512-p0ohDnwyIbAtztHTNUTzN5EGD/HJLs1bwysrOPgSdlIA6NDnReoVfoCyxG6W1d85jr2X80Uq5KHftyYgaK9LPQ==",
      "os": ["android"],
      "cpu": ["arm64"]
    },
    "@esbuild/android-arm@0.25.7": {
      "integrity": "sha512-Jhuet0g1k9rAJHrXGIh7sFknFuT4sfytYZpZpuZl7YKDhnPByVAm5oy2LEBmMbuYf3ejWVYCc2seX81Mk+madA==",
      "os": ["android"],
      "cpu": ["arm"]
    },
    "@esbuild/android-x64@0.25.7": {
      "integrity": "sha512-mMxIJFlSgVK23HSsII3ZX9T2xKrBCDGyk0qiZnIW10LLFFtZLkFD6imZHu7gUo2wkNZwS9Yj3mOtZD3ZPcjCcw==",
      "os": ["android"],
      "cpu": ["x64"]
    },
    "@esbuild/darwin-arm64@0.25.7": {
      "integrity": "sha512-jyOFLGP2WwRwxM8F1VpP6gcdIJc8jq2CUrURbbTouJoRO7XCkU8GdnTDFIHdcifVBT45cJlOYsZ1kSlfbKjYUQ==",
      "os": ["darwin"],
      "cpu": ["arm64"]
    },
    "@esbuild/darwin-x64@0.25.7": {
      "integrity": "sha512-m9bVWqZCwQ1BthruifvG64hG03zzz9gE2r/vYAhztBna1/+qXiHyP9WgnyZqHgGeXoimJPhAmxfbeU+nMng6ZA==",
      "os": ["darwin"],
      "cpu": ["x64"]
    },
    "@esbuild/freebsd-arm64@0.25.7": {
      "integrity": "sha512-Bss7P4r6uhr3kDzRjPNEnTm/oIBdTPRNQuwaEFWT/uvt6A1YzK/yn5kcx5ZxZ9swOga7LqeYlu7bDIpDoS01bA==",
      "os": ["freebsd"],
      "cpu": ["arm64"]
    },
    "@esbuild/freebsd-x64@0.25.7": {
      "integrity": "sha512-S3BFyjW81LXG7Vqmr37ddbThrm3A84yE7ey/ERBlK9dIiaWgrjRlre3pbG7txh1Uaxz8N7wGGQXmC9zV+LIpBQ==",
      "os": ["freebsd"],
      "cpu": ["x64"]
    },
    "@esbuild/linux-arm64@0.25.7": {
      "integrity": "sha512-HfQZQqrNOfS1Okn7PcsGUqHymL1cWGBslf78dGvtrj8q7cN3FkapFgNA4l/a5lXDwr7BqP2BSO6mz9UremNPbg==",
      "os": ["linux"],
      "cpu": ["arm64"]
    },
    "@esbuild/linux-arm@0.25.7": {
      "integrity": "sha512-JZMIci/1m5vfQuhKoFXogCKVYVfYQmoZJg8vSIMR4TUXbF+0aNlfXH3DGFEFMElT8hOTUF5hisdZhnrZO/bkDw==",
      "os": ["linux"],
      "cpu": ["arm"]
    },
    "@esbuild/linux-ia32@0.25.7": {
      "integrity": "sha512-9Jex4uVpdeofiDxnwHRgen+j6398JlX4/6SCbbEFEXN7oMO2p0ueLN+e+9DdsdPLUdqns607HmzEFnxwr7+5wQ==",
      "os": ["linux"],
      "cpu": ["ia32"]
    },
    "@esbuild/linux-loong64@0.25.7": {
      "integrity": "sha512-TG1KJqjBlN9IHQjKVUYDB0/mUGgokfhhatlay8aZ/MSORMubEvj/J1CL8YGY4EBcln4z7rKFbsH+HeAv0d471w==",
      "os": ["linux"],
      "cpu": ["loong64"]
    },
    "@esbuild/linux-mips64el@0.25.7": {
      "integrity": "sha512-Ty9Hj/lx7ikTnhOfaP7ipEm/ICcBv94i/6/WDg0OZ3BPBHhChsUbQancoWYSO0WNkEiSW5Do4febTTy4x1qYQQ==",
      "os": ["linux"],
      "cpu": ["mips64el"]
    },
    "@esbuild/linux-ppc64@0.25.7": {
      "integrity": "sha512-MrOjirGQWGReJl3BNQ58BLhUBPpWABnKrnq8Q/vZWWwAB1wuLXOIxS2JQ1LT3+5T+3jfPh0tyf5CpbyQHqnWIQ==",
      "os": ["linux"],
      "cpu": ["ppc64"]
    },
    "@esbuild/linux-riscv64@0.25.7": {
      "integrity": "sha512-9pr23/pqzyqIZEZmQXnFyqp3vpa+KBk5TotfkzGMqpw089PGm0AIowkUppHB9derQzqniGn3wVXgck19+oqiOw==",
      "os": ["linux"],
      "cpu": ["riscv64"]
    },
    "@esbuild/linux-s390x@0.25.7": {
      "integrity": "sha512-4dP11UVGh9O6Y47m8YvW8eoA3r8qL2toVZUbBKyGta8j6zdw1cn9F/Rt59/Mhv0OgY68pHIMjGXWOUaykCnx+w==",
      "os": ["linux"],
      "cpu": ["s390x"]
    },
    "@esbuild/linux-x64@0.25.7": {
      "integrity": "sha512-ghJMAJTdw/0uhz7e7YnpdX1xVn7VqA0GrWrAO2qKMuqbvgHT2VZiBv1BQ//VcHsPir4wsL3P2oPggfKPzTKoCA==",
      "os": ["linux"],
      "cpu": ["x64"]
    },
    "@esbuild/netbsd-arm64@0.25.7": {
      "integrity": "sha512-bwXGEU4ua45+u5Ci/a55B85KWaDSRS8NPOHtxy2e3etDjbz23wlry37Ffzapz69JAGGc4089TBo+dGzydQmydg==",
      "os": ["netbsd"],
      "cpu": ["arm64"]
    },
    "@esbuild/netbsd-x64@0.25.7": {
      "integrity": "sha512-tUZRvLtgLE5OyN46sPSYlgmHoBS5bx2URSrgZdW1L1teWPYVmXh+QN/sKDqkzBo/IHGcKcHLKDhBeVVkO7teEA==",
      "os": ["netbsd"],
      "cpu": ["x64"]
    },
    "@esbuild/openbsd-arm64@0.25.7": {
      "integrity": "sha512-bTJ50aoC+WDlDGBReWYiObpYvQfMjBNlKztqoNUL0iUkYtwLkBQQeEsTq/I1KyjsKA5tyov6VZaPb8UdD6ci6Q==",
      "os": ["openbsd"],
      "cpu": ["arm64"]
    },
    "@esbuild/openbsd-x64@0.25.7": {
      "integrity": "sha512-TA9XfJrgzAipFUU895jd9j2SyDh9bbNkK2I0gHcvqb/o84UeQkBpi/XmYX3cO1q/9hZokdcDqQxIi6uLVrikxg==",
      "os": ["openbsd"],
      "cpu": ["x64"]
    },
    "@esbuild/openharmony-arm64@0.25.7": {
      "integrity": "sha512-5VTtExUrWwHHEUZ/N+rPlHDwVFQ5aME7vRJES8+iQ0xC/bMYckfJ0l2n3yGIfRoXcK/wq4oXSItZAz5wslTKGw==",
      "os": ["openharmony"],
      "cpu": ["arm64"]
    },
    "@esbuild/sunos-x64@0.25.7": {
      "integrity": "sha512-umkbn7KTxsexhv2vuuJmj9kggd4AEtL32KodkJgfhNOHMPtQ55RexsaSrMb+0+jp9XL4I4o2y91PZauVN4cH3A==",
      "os": ["sunos"],
      "cpu": ["x64"]
    },
    "@esbuild/win32-arm64@0.25.7": {
      "integrity": "sha512-j20JQGP/gz8QDgzl5No5Gr4F6hurAZvtkFxAKhiv2X49yi/ih8ECK4Y35YnjlMogSKJk931iNMcd35BtZ4ghfw==",
      "os": ["win32"],
      "cpu": ["arm64"]
    },
    "@esbuild/win32-ia32@0.25.7": {
      "integrity": "sha512-4qZ6NUfoiiKZfLAXRsvFkA0hoWVM+1y2bSHXHkpdLAs/+r0LgwqYohmfZCi985c6JWHhiXP30mgZawn/XrqAkQ==",
      "os": ["win32"],
      "cpu": ["ia32"]
    },
    "@esbuild/win32-x64@0.25.7": {
      "integrity": "sha512-FaPsAHTwm+1Gfvn37Eg3E5HIpfR3i6x1AIcla/MkqAIupD4BW3MrSeUqfoTzwwJhk3WE2/KqUn4/eenEJC76VA==",
      "os": ["win32"],
      "cpu": ["x64"]
    },
    "@opentelemetry/api@1.9.1": {
      "integrity": "sha512-gLyJlPHPZYdAk1JENA9LeHejZe1Ti77/pTeFm/nMXmQH/HFZlcS/O2XJB+L8fkbrNSqhdtlvjBVjxwUYanNH5Q=="
    },
    "@preact/signals-core@1.14.2": {
      "integrity": "sha512-RZHdBj9ZF4n40Rp4jS052EHHjBWf96P9oNdXPfhQTovCuWY9iQn3Gq+gOTJSgBO9A/JBuPfMOWsSX/lIU9Pc/A=="
    },
    "@preact/signals@2.9.0_preact@10.29.1": {
      "integrity": "sha512-hYrY0KyUqkDgOl1qba/JGn6y81pXnurn21PMaxfcMwdncdZ3M/oVdmpTvEnsGjh48dIwDVc7bjWHqIsngSjYug==",
      "dependencies": [
        "@preact/signals-core",
        "preact"
      ]
    },
    "ansi-regex@5.0.1": {
      "integrity": "sha512-quJQXlTSUGL2LH9SUXo8VwsY4soanhgo6LNSm84E1LBcE8s3O0wpdiRzyR9z/ZZJMlMWv37qOOb9pdJlMUEKFQ=="
    },
    "ansi-styles@4.3.0": {
      "integrity": "sha512-zbB9rCJAT1rbjiVDb2hqKFHNYLxgtk8NURxZ3IZwD3F6NtxbXZQCnnSi1Lkx+IDohdPlFp222wVALIheZJQSEg==",
      "dependencies": [
        "color-convert"
      ]
    },
    "baseline-browser-mapping@2.10.29": {
      "integrity": "sha512-Asa2krT+XTPZINCS+2QcyS8WTkObE77RwkydwF7h6DmnKqbvlalz93m/dnphUyCa6SWSP51VgtEUf2FN+gelFQ==",
      "bin": true
    },
    "blueimp-md5@2.19.0": {
      "integrity": "sha512-DRQrD6gJyy8FbiE4s+bDoXS9hiW3Vbx5uCdwvcCf3zLHL+Iv7LtGHLpr+GZV8rHG8tK766FGYBwRbu8pELTt+w=="
    },
    "browserslist@4.28.2": {
      "integrity": "sha512-48xSriZYYg+8qXna9kwqjIVzuQxi+KYWp2+5nCYnYKPTr0LvD89Jqk2Or5ogxz0NUMfIjhh2lIUX/LyX9B4oIg==",
      "dependencies": [
        "baseline-browser-mapping",
        "caniuse-lite",
        "electron-to-chromium",
        "node-releases",
        "update-browserslist-db"
      ],
      "bin": true
    },
    "camelcase@5.3.1": {
      "integrity": "sha512-L28STB170nwWS63UjtlEOE3dldQApaJXZkOI1uMFfzf3rRuPegHaHesyee+YxQ+W6SvRDQV6UrdOdRiR153wJg=="
    },
    "caniuse-lite@1.0.30001792": {
      "integrity": "sha512-hVLMUZFgR4JJ6ACt1uEESvQN1/dBVqPAKY0hgrV70eN3391K6juAfTjKZLKvOMsx8PxA7gsY1/tLMMTcfFLLpw=="
    },
    "cliui@6.0.0": {
      "integrity": "sha512-t6wbgtoCXvAzst7QgXxJYqPt0usEfbgQdftEPbLL/cvv6HPE5VgvqCuAIDR0NgU52ds6rFwqrgakNLrHEjCbrQ==",
      "dependencies": [
        "string-width",
        "strip-ansi",
        "wrap-ansi"
      ]
    },
    "color-convert@2.0.1": {
      "integrity": "sha512-RRECPsj7iu/xb5oKYcsFHSppFNnsj/52OVTRKb4zP5onXwVF3zVmmToNcOfGC+CRDpfK/U584fMg38ZHCaElKQ==",
      "dependencies": [
        "color-name"
      ]
    },
    "color-name@1.1.4": {
      "integrity": "sha512-dOy+3AuW3a2wNbZHIuMZpTcgjGuLU/uBL/ubcZF9OXbDo8ff4O8yVp5Bf0efS8uEoYo5q4Fx7dY9OgQGXgAsQA=="
    },
    "decamelize@1.2.0": {
      "integrity": "sha512-z2S+W9X73hAUUki+N+9Za2lBlun89zigOyGrsax+KUQ6wKW4ZoWpEYBkGhQjwAjjDCkWxhY0VKEhk8wzY7F5cA=="
    },
    "detect-libc@1.0.3": {
      "integrity": "sha512-pGjwhsmsp4kL2RTz08wcOlGN83otlqHeD/Z5T8GXZB+/YcpQ/dgo+lbU8ZsGxV0HIvqqxo9l7mqYwyYMD9bKDg==",
      "bin": true
    },
    "electron-to-chromium@1.5.353": {
      "integrity": "sha512-kOrWphBi8TOZyiJZqsgqIle0lw+tzmnQK83pV9dZUd01Nm2POECSyFQMAuarzZdYqQW7FH9RaYOuaRo3h+bQ3w=="
    },
    "email-validator@2.0.4": {
      "integrity": "sha512-gYCwo7kh5S3IDyZPLZf6hSS0MnZT8QmJFqYvbqlDZSbwdZlY6QZWxJ4i/6UhITOJ4XzyI647Bm2MXKCLqnJ4nQ=="
    },
    "emoji-regex@8.0.0": {
      "integrity": "sha512-MSjYzcWNOA0ewAHpz0MxpYFvwg6yjy1NG3xteoqz644VCo/RPgnr1/GGt+ic3iJTzQ8Eu3TdM14SawnVUmGE6A=="
    },
    "esbuild-wasm@0.25.12": {
      "integrity": "sha512-rZqkjL3Y6FwLpSHzLnaEy8Ps6veCNo1kZa9EOfJvmWtBq5dJH4iVjfmOO6Mlkv9B0tt9WFPFmb/VxlgJOnueNg==",
      "bin": true
    },
    "esbuild@0.25.7": {
      "integrity": "sha512-daJB0q2dmTzo90L9NjRaohhRWrCzYxWNFTjEi72/h+p5DcY3yn4MacWfDakHmaBaDzDiuLJsCh0+6LK/iX+c+Q==",
      "optionalDependencies": [
        "@esbuild/aix-ppc64",
        "@esbuild/android-arm",
        "@esbuild/android-arm64",
        "@esbuild/android-x64",
        "@esbuild/darwin-arm64",
        "@esbuild/darwin-x64",
        "@esbuild/freebsd-arm64",
        "@esbuild/freebsd-x64",
        "@esbuild/linux-arm",
        "@esbuild/linux-arm64",
        "@esbuild/linux-ia32",
        "@esbuild/linux-loong64",
        "@esbuild/linux-mips64el",
        "@esbuild/linux-ppc64",
        "@esbuild/linux-riscv64",
        "@esbuild/linux-s390x",
        "@esbuild/linux-x64",
        "@esbuild/netbsd-arm64",
        "@esbuild/netbsd-x64",
        "@esbuild/openbsd-arm64",
        "@esbuild/openbsd-x64",
        "@esbuild/openharmony-arm64",
        "@esbuild/sunos-x64",
        "@esbuild/win32-arm64",
        "@esbuild/win32-ia32",
        "@esbuild/win32-x64"
      ],
      "scripts": true,
      "bin": true
    },
    "escalade@3.2.0": {
      "integrity": "sha512-WUj2qlxaQtO4g6Pq5c29GTcWGDyd8itL8zTlipgECz3JesAiiOKotd8JU6otB3PACgG6xkJUyVhboMS+bje/jA=="
    },
    "fast-blurhash@1.1.4": {
      "integrity": "sha512-xeH121M027hgWHHhHWYYjUmMKl8vCH3PPkXk439ixsP8Bvb/r3UFqg12oMSToD/aSAw8EE6XiTdfZ6M5jaLfzg=="
    },
    "find-up@4.1.0": {
      "integrity": "sha512-PpOwAdQ/YlXQ2vj8a3h8IipDuYRi3wceVQQGYWxNINccq40Anw7BlsEXCMbt1Zt+OLA6Fq9suIpIWD0OsnISlw==",
      "dependencies": [
        "locate-path",
        "path-exists"
      ]
    },
    "get-caller-file@2.0.5": {
      "integrity": "sha512-DyFP3BM/3YHTQOCUL/w0OZHR0lpKeGrxotcHWcqNEdnltqFwXVfhEBQ94eIo34AfQpo0rGki4cyIiftY06h2Fg=="
    },
    "gravatar@1.8.2": {
      "integrity": "sha512-GdRwLM3oYpFQKy47MKuluw9hZ2gaCtiKPbDGdcDEuYDKlc8eNnW27KYL9LVbIDzEsx88WtDWQm2ClBcsgBnj6w==",
      "dependencies": [
        "blueimp-md5",
        "email-validator",
        "querystring",
        "yargs"
      ],
      "bin": true
    },
    "is-fullwidth-code-point@3.0.0": {
      "integrity": "sha512-zymm5+u+sCsSWyD9qNaejV3DFvhCKclKdizYaJUuHA83RLjb7nSuGnddCHGv0hk+KY7BMAlsWeK4Ueg6EV6XQg=="
    },
    "lightningcss-darwin-arm64@1.29.1": {
      "integrity": "sha512-HtR5XJ5A0lvCqYAoSv2QdZZyoHNttBpa5EP9aNuzBQeKGfbyH5+UipLWvVzpP4Uml5ej4BYs5I9Lco9u1fECqw==",
      "os": ["darwin"],
      "cpu": ["arm64"]
    },
    "lightningcss-darwin-x64@1.29.1": {
      "integrity": "sha512-k33G9IzKUpHy/J/3+9MCO4e+PzaFblsgBjSGlpAaFikeBFm8B/CkO3cKU9oI4g+fjS2KlkLM/Bza9K/aw8wsNA==",
      "os": ["darwin"],
      "cpu": ["x64"]
    },
    "lightningcss-freebsd-x64@1.29.1": {
      "integrity": "sha512-0SUW22fv/8kln2LnIdOCmSuXnxgxVC276W5KLTwoehiO0hxkacBxjHOL5EtHD8BAXg2BvuhsJPmVMasvby3LiQ==",
      "os": ["freebsd"],
      "cpu": ["x64"]
    },
    "lightningcss-linux-arm-gnueabihf@1.29.1": {
      "integrity": "sha512-sD32pFvlR0kDlqsOZmYqH/68SqUMPNj+0pucGxToXZi4XZgZmqeX/NkxNKCPsswAXU3UeYgDSpGhu05eAufjDg==",
      "os": ["linux"],
      "cpu": ["arm"]
    },
    "lightningcss-linux-arm64-gnu@1.29.1": {
      "integrity": "sha512-0+vClRIZ6mmJl/dxGuRsE197o1HDEeeRk6nzycSy2GofC2JsY4ifCRnvUWf/CUBQmlrvMzt6SMQNMSEu22csWQ==",
      "os": ["linux"],
      "cpu": ["arm64"]
    },
    "lightningcss-linux-arm64-musl@1.29.1": {
      "integrity": "sha512-UKMFrG4rL/uHNgelBsDwJcBqVpzNJbzsKkbI3Ja5fg00sgQnHw/VrzUTEc4jhZ+AN2BvQYz/tkHu4vt1kLuJyw==",
      "os": ["linux"],
      "cpu": ["arm64"]
    },
    "lightningcss-linux-x64-gnu@1.29.1": {
      "integrity": "sha512-u1S+xdODy/eEtjADqirA774y3jLcm8RPtYztwReEXoZKdzgsHYPl0s5V52Tst+GKzqjebkULT86XMSxejzfISw==",
      "os": ["linux"],
      "cpu": ["x64"]
    },
    "lightningcss-linux-x64-musl@1.29.1": {
      "integrity": "sha512-L0Tx0DtaNUTzXv0lbGCLB/c/qEADanHbu4QdcNOXLIe1i8i22rZRpbT3gpWYsCh9aSL9zFujY/WmEXIatWvXbw==",
      "os": ["linux"],
      "cpu": ["x64"]
    },
    "lightningcss-win32-arm64-msvc@1.29.1": {
      "integrity": "sha512-QoOVnkIEFfbW4xPi+dpdft/zAKmgLgsRHfJalEPYuJDOWf7cLQzYg0DEh8/sn737FaeMJxHZRc1oBreiwZCjog==",
      "os": ["win32"],
      "cpu": ["arm64"]
    },
    "lightningcss-win32-x64-msvc@1.29.1": {
      "integrity": "sha512-NygcbThNBe4JElP+olyTI/doBNGJvLs3bFCRPdvuCcxZCcCZ71B858IHpdm7L1btZex0FvCmM17FK98Y9MRy1Q==",
      "os": ["win32"],
      "cpu": ["x64"]
    },
    "lightningcss@1.29.1": {
      "integrity": "sha512-FmGoeD4S05ewj+AkhTY+D+myDvXI6eL27FjHIjoyUkO/uw7WZD1fBVs0QxeYWa7E17CUHJaYX/RUGISCtcrG4Q==",
      "dependencies": [
        "detect-libc"
      ],
      "optionalDependencies": [
        "lightningcss-darwin-arm64",
        "lightningcss-darwin-x64",
        "lightningcss-freebsd-x64",
        "lightningcss-linux-arm-gnueabihf",
        "lightningcss-linux-arm64-gnu",
        "lightningcss-linux-arm64-musl",
        "lightningcss-linux-x64-gnu",
        "lightningcss-linux-x64-musl",
        "lightningcss-win32-arm64-msvc",
        "lightningcss-win32-x64-msvc"
      ]
    },
    "locate-path@5.0.0": {
      "integrity": "sha512-t7hw9pI+WvuwNJXwk5zVHpyhIqzg2qTlklJOf0mVxGSbe3Fp2VieZcduNYjaLDoy6p9uGpQEGWG87WpMKlNq8g==",
      "dependencies": [
        "p-locate"
      ]
    },
    "marked@15.0.6": {
      "integrity": "sha512-Y07CUOE+HQXbVDCGl3LXggqJDbXDP2pArc2C1N1RRMN0ONiShoSsIInMd5Gsxupe7fKLpgimTV+HOJ9r7bA+pg==",
      "bin": true
    },
    "node-releases@2.0.44": {
      "integrity": "sha512-5WUyunoPMsvvEhS8AxHtRzP+oA8UCkJ7YRxatWKjngndhDGLiqEVAQKWjFAiAiuL8zMRGzGSJxFnLetoa43qGQ=="
    },
    "p-limit@2.3.0": {
      "integrity": "sha512-//88mFWSJx8lxCzwdAABTJL2MyWB12+eIY7MDL2SqLmAkeKU9qxRvWuSyTjm3FUmpBEMuFfckAIqEaVGUDxb6w==",
      "dependencies": [
        "p-try"
      ]
    },
    "p-locate@4.1.0": {
      "integrity": "sha512-R79ZZ/0wAxKGu3oYMlz8jy/kbhsNrS7SKZ7PxEHBgJ5+F2mtFW2fK2cOtBh1cHYkQsbzFV7I+EoRKe6Yt0oK7A==",
      "dependencies": [
        "p-limit"
      ]
    },
    "p-try@2.2.0": {
      "integrity": "sha512-R4nPAVTAU0B9D35/Gk3uJf/7XYbQcyohSKdvAxIRSNghFl4e71hVoGnBNQz9cWaXxO2I10KTC+3jMdvvoKw6dQ=="
    },
    "path-exists@4.0.0": {
      "integrity": "sha512-ak9Qy5Q7jYb2Wwcey5Fpvg2KoAc/ZIhLSLOSBmRmygPsGwkVVt0fZa0qrtMz+m6tJTAHfZQ8FnmB4MG4LWy7/w=="
    },
    "picocolors@1.1.1": {
      "integrity": "sha512-xceH2snhtb5M9liqDsmEw56le376mTZkEX/jEb/RxNFyegNul7eNslCXP9FDj/Lcu0X8KEyMceP2ntpaHrDEVA=="
    },
    "preact-render-to-string@6.6.7_preact@10.29.1": {
      "integrity": "sha512-3XdbsX3+vn9dQW+jJI/FsI9rlkgl6dbeUpqLsChak6jp3j3auFqBCkno7VChbMFs5Q8ylBj6DrUkKRwtVN3nvw==",
      "dependencies": [
        "preact"
      ]
    },
    "preact@10.29.1": {
      "integrity": "sha512-gQCLc/vWroE8lIpleXtdJhTFDogTdZG9AjMUpVkDf2iTCNwYNWA+u16dL41TqUDJO4gm2IgrcMv3uTpjd4Pwmg=="
    },
    "querystring@0.2.0": {
      "integrity": "sha512-X/xY82scca2tau62i9mDyU9K+I+djTMUsvwf7xnUX5GLvVzgJybOJf4Y6o9Zx3oJK/LSXg5tTZBjwzqVPaPO2g==",
      "deprecated": true
    },
    "require-directory@2.1.1": {
      "integrity": "sha512-fGxEI7+wsG9xrvdjsrlmL22OMTTiHRwAMroiEeMgq8gzoLC/PQr7RsRDSTLUg/bZAZtF+TVIkHc6/4RIKrui+Q=="
    },
    "require-main-filename@2.0.0": {
      "integrity": "sha512-NKN5kMDylKuldxYLSUfrbo5Tuzh4hd+2E8NPPX02mZtn1VuREQToYe/ZdlJy+J3uCpfaiGF05e7B8W0iXbQHmg=="
    },
    "set-blocking@2.0.0": {
      "integrity": "sha512-KiKBS8AnWGEyLzofFfmvKwpdPzqiy16LvQfK3yv/fVH7Bj13/wl3JSR1J+rfgRE9q7xUJK4qvgS8raSOeLUehw=="
    },
    "string-width@4.2.3": {
      "integrity": "sha512-wKyQRQpjJ0sIp62ErSZdGsjMJWsap5oRNihHhu6G7JVO/9jIB6UyevL+tXuOqrng8j/cxKTWyWUwvSTriiZz/g==",
      "dependencies": [
        "emoji-regex",
        "is-fullwidth-code-point",
        "strip-ansi"
      ]
    },
    "strip-ansi@6.0.1": {
      "integrity": "sha512-Y38VPSHcqkFrCpFnQ9vuSXmquuv5oXOKpGeT6aGrr3o3Gc9AlVa6JBfUSOCnbxGGZF+/0ooI7KrPuUSztUdU5A==",
      "dependencies": [
        "ansi-regex"
      ]
    },
    "update-browserslist-db@1.2.3_browserslist@4.28.2": {
      "integrity": "sha512-Js0m9cx+qOgDxo0eMiFGEueWztz+d4+M3rGlmKPT+T4IS/jP4ylw3Nwpu6cpTTP8R1MAC1kF4VbdLt3ARf209w==",
      "dependencies": [
        "browserslist",
        "escalade",
        "picocolors"
      ],
      "bin": true
    },
    "which-module@2.0.1": {
      "integrity": "sha512-iBdZ57RDvnOR9AGBhML2vFZf7h8vmBjhoaZqODJBFWHVtKkDmKuHai3cx5PgVMrX5YDNp27AofYbAwctSS+vhQ=="
    },
    "wrap-ansi@6.2.0": {
      "integrity": "sha512-r6lPcBGxZXlIcymEu7InxDMhdW0KDxpLgoFLcguasxCaJ/SOIZwINatK9KY/tf+ZrlywOKU0UDj3ATXUBfxJXA==",
      "dependencies": [
        "ansi-styles",
        "string-width",
        "strip-ansi"
      ]
    },
    "y18n@4.0.3": {
      "integrity": "sha512-JKhqTOwSrqNA1NY5lSztJ1GrBiUodLMmIZuLiDaMRJ+itFd+ABVE8XBjOvIWL+rSqNDC74LCSFmlb/U4UZ4hJQ=="
    },
    "yargs-parser@18.1.3": {
      "integrity": "sha512-o50j0JeToy/4K6OZcaQmW6lyXXKhq7csREXcDwk2omFPJEwUNOVtJKvmDr9EI1fAJZUyZcRF7kxGBWmRXudrCQ==",
      "dependencies": [
        "camelcase",
        "decamelize"
      ]
    },
    "yargs@15.4.1": {
      "integrity": "sha512-aePbxDmcYW++PaqBsJ+HYUFwCdv4LVvdnhBy78E57PIor8/OVvhMrADFFEDh8DHDFRv/O9i3lPhsENjO7QX0+A==",
      "dependencies": [
        "cliui",
        "decamelize",
        "find-up",
        "get-caller-file",
        "require-directory",
        "require-main-filename",
        "set-blocking",
        "string-width",
        "which-module",
        "y18n",
        "yargs-parser"
      ]
    }
  },
  "redirects": {
    "https://esm.sh/@types/he@~1.2.3/index.d.ts": "https://esm.sh/@types/he@1.2.3/index.d.ts",
    "https://esm.sh/@types/katex@~0.16.7/index.d.ts": "https://esm.sh/@types/katex@0.16.7/index.d.ts",
    "https://esm.sh/@types/marked@~5.0.2/index.d.mts": "https://esm.sh/@types/marked@5.0.2/index.d.mts",
    "https://esm.sh/@types/parse-srcset@~1.0.0/index.d.ts": "https://esm.sh/@types/parse-srcset@1.0.0/index.d.ts",
    "https://esm.sh/@types/prismjs@~1.26.5/index.d.ts": "https://esm.sh/@types/prismjs@1.26.5/index.d.ts",
    "https://esm.sh/@types/sanitize-html@~2.8.1/index.d.ts": "https://esm.sh/@types/sanitize-html@2.8.1/index.d.ts",
    "https://esm.sh/github-slugger@^2.0.0?target=denonext": "https://esm.sh/github-slugger@2.0.0?target=denonext",
    "https://esm.sh/marked-mangle@v1.1.0/": "https://esm.sh/marked-mangle@1.1.0"
  },
  "remote": {
    "https://deno.land/x/basic_auth@v1.1.1/mod.ts": "a006e7714033d727728db131bf1f7b266fd9a7e5164078ce48242ef0decd1948",
    "https://deno.land/x/case@2.1.1/camelCase.ts": "0808961e69e1883c6e94faf85e333196a464ceba46ddc76984d7b8ce9e26a43a",
    "https://deno.land/x/case@2.1.1/constantCase.ts": "e50eaa8a45cf68417902fda218f03a99e45e2a30f7fce2db325306c84e8c3f0a",
    "https://deno.land/x/case@2.1.1/dotCase.ts": "ef3977567057e6c2a4e1b5ca09ec34b9e0788c1a50246187c11f435a468be17e",
    "https://deno.land/x/case@2.1.1/headerCase.ts": "4440a251a196fb6d7090213c39e4c6c50ddecab90c14ec91495bee3563082d3c",
    "https://deno.land/x/case@2.1.1/lowerCase.ts": "86d5533f9587ed60003181591e40e648838c23f371edfa79d00288153d113b16",
    "https://deno.land/x/case@2.1.1/lowerFirstCase.ts": "74e8ebe10f3c54a9d8e81d21127a20fcfb34c446e9c49b2a335162babd652de9",
    "https://deno.land/x/case@2.1.1/mod.ts": "28b0b1329c7b18730799ac05627a433d9547c04b9bfb429116247c60edecd97b",
    "https://deno.land/x/case@2.1.1/normalCase.ts": "6a8b924da9ab0790d99233ae54bfcfc996d229cb91b2533639fe20972cc33dac",
    "https://deno.land/x/case@2.1.1/paramCase.ts": "cf3101c59fd4f16ee14fd09985adb7fa3dbfb194f102499986f7407995202394",
    "https://deno.land/x/case@2.1.1/pascalCase.ts": "f68936d584182c8f4b341238bd9c424b1a740bfba3ab2847234f57a4c205f1df",
    "https://deno.land/x/case@2.1.1/pathCase.ts": "76e5f437369f8981e17ecdb07870e1c9c8d2d0357f1bf3377e2b0eb132159ed8",
    "https://deno.land/x/case@2.1.1/sentenceCase.ts": "f3355985a6a41e088c8c9be80219e5e055a68ad9a987df084a57ee437a0871c5",
    "https://deno.land/x/case@2.1.1/snakeCase.ts": "ee2ab4e2c931d30bb79190d090c21eb5c00d1de1b7a9a3e7f33e035ae431333b",
    "https://deno.land/x/case@2.1.1/swapCase.ts": "d9b5ee5b8e1ee3d202cbce32a504dde976b9002ed94b4527054a004179905dbb",
    "https://deno.land/x/case@2.1.1/titleCase.ts": "36d3fc73df58712240a74b04d84191ac22dd2866bef3838b02157f8e46cb0ecb",
    "https://deno.land/x/case@2.1.1/types.ts": "8e2bd6edaa27c0d1972c0d5b76698564740f37b4d3787d58d1fb5f48de611e61",
    "https://deno.land/x/case@2.1.1/upperCase.ts": "e6a1a3dea30e17013aa212ec237b35e2dd5c5c0b1501778c07db66ff0bbe4372",
    "https://deno.land/x/case@2.1.1/upperFirstCase.ts": "2b083db95744105a4f4accefe66dcd09390634514abf757fc580a7ebad58bf4f",
    "https://deno.land/x/case@2.1.1/vendor/camelCaseRegexp.ts": "7d9ff02aad4ab6429eeab7c7353f7bcdd6cc5909a8bd3dda97918c8bbb7621ae",
    "https://deno.land/x/case@2.1.1/vendor/camelCaseUpperRegexp.ts": "292de54a698370f90adcdf95727993d09888b7f33d17f72f8e54ba75f7791787",
    "https://deno.land/x/case@2.1.1/vendor/nonWordRegexp.ts": "c1a052629a694144b48c66b0175a22a83f4d61cb40f4e45293fc5d6b123f927e",
    "https://deno.land/x/countries@v1.1.2/countries.ts": "de62b2d088a8a6635e179bae830a1b0b6aee906b4ce48b1db38021768ada0309",
    "https://deno.land/x/countries@v1.1.2/infoprovider.ts": "8b628f6d126abb279c3a6b1af674945157d5122e0f447b15f0f074709988ef8f",
    "https://deno.land/x/countries@v1.1.2/mod.ts": "365620600b35a28d5055dafe608069531c83868b04fc1c334b6165871d435490",
    "https://deno.land/x/countries@v1.1.2/types.ts": "0523421771bfbcc6ad80f0f154a9b71da2acbbbae80e43e429f2a82879b9fd82",
    "https://deno.land/x/emoji@0.3.0/all.json": "f0553b660db5e44e71ca46f637a06c2ec94f34445a920fcf319858094a91f46b",
    "https://deno.land/x/emoji@0.3.0/emoji.ts": "ad21fa393b2b96fb5999f58dec18e13628cc5d11aa370c42a2f7cc8e135d43d8",
    "https://deno.land/x/emoji@0.3.0/mod.ts": "9ef5a2fca1a633f29747b6d3254afd19545cef586128a8213a1003ee2808186d",
    "https://deno.land/x/emoji@0.3.0/types.ts": "5897345f500088c719a35388c5b192bc5d93fc2c13e37d94eafa8ff3480edd17",
    "https://deno.land/x/emoji@0.3.0/unicode.ts": "ac8079e8e1da66ae9e601c1fdd0e7641120c2b07ca7bd2875e65fe23e16e6199",
    "https://deno.land/x/gfm@0.2.4/deps.ts": "e6ce060304c2ee2be60d4d89addc94ea7bed50d98e9709155ec7bf3af6d41082",
    "https://deno.land/x/gfm@0.2.4/mod.ts": "392e579a467e60cc96d2424648f73be56aad8c274ec64457ed8517ef10273288",
    "https://deno.land/x/gfm@0.2.4/style.js": "86de9308f5d108ee0976e296260eb634c7477a11a9bebf44e6f863a5b8fb6d6d",
    "https://deno.land/x/secure_compare@1.0.0/mod.ts": "fa70bf2cf73475752f02f7b7b5eab8cbbbeb7a6107789b15f11d5f153b6209b7",
    "https://esm.sh/deepmerge@4.3.1/esnext/deepmerge.mjs": "1f448aaa83a52514faecb2edc02eb766c9eb10b935b9ac4c1c2a877a0bb56b80",
    "https://esm.sh/deepmerge@^4.2.2?target=esnext": "6b7c1f7d299638525a7880f86e51d8d0607ba7491d4bd269817e00f570601b76",
    "https://esm.sh/dom-serializer@2.0.0/esnext/dom-serializer.mjs": "0a0471f10aa71bc6181b0a1d2ec02144ec167af4e170af362eeefc5380b6c996",
    "https://esm.sh/dom-serializer@^2.0.0?target=esnext": "44879dbacefade9dbf05270993d598fd8d2768caf3fa7110af796825d102754e",
    "https://esm.sh/domelementtype@2.3.0/esnext/domelementtype.mjs": "4f3b57348729cd517560139eb1969ca2fe9cc58c5188abe56e7336d5cb557cc0",
    "https://esm.sh/domelementtype@^2.3.0?target=esnext": "f65f00857b5d3f343ee44b62ee04307272e9bee65f2d34cf07cecbccb77140c7",
    "https://esm.sh/domhandler@5.0.3/esnext/domhandler.mjs": "f0fea9734f45002a4f346baa0b26e3e7987fd2d051358f8fdc391f7de2b98dda",
    "https://esm.sh/domhandler@^5.0.3?target=esnext": "5bd6752f2ec98f1bc544ccfa50f58289852a3b88afef7508add836a91b1abe2b",
    "https://esm.sh/domutils@3.2.2/esnext/domutils.mjs": "b10b9cf233ad79dbe72ae00b1c66e80cb51b9afce10571ec484b8130819fb39a",
    "https://esm.sh/domutils@^3.0.1?target=esnext": "8d41d55c4194e1c78b3d83a8dc3370e6905f2f9f7a428abe9570bb7b8285eeac",
    "https://esm.sh/entities@4.5.0/esnext/entities.mjs": "4a9306e4021ae1079e83b5db26e1678c536fa69c8f2839802bc3cc43282cef08",
    "https://esm.sh/entities@4.5.0/esnext/lib/decode.mjs": "ef22e25f6bca668e40c4f7d4ecaebe2172a833a18372d55b54f997d0d8702dcd",
    "https://esm.sh/entities@4.5.0/esnext/lib/escape.mjs": "116aef78e5ff05efa6f79851b8b59da025ab88f5c25d2262f73df98f4d57c3fa",
    "https://esm.sh/entities@^4.2.0?target=esnext": "72619bbf39ce70e35cbe0df5c95b61cdc8dfac46d1025657b065409db75ccf02",
    "https://esm.sh/entities@^4.4.0/lib/decode?target=esnext": "10090cc0d71b219de74f3d6f799d8937dbae58614a479a85f98eabeb09f135b2",
    "https://esm.sh/escape-string-regexp@4.0.0/esnext/escape-string-regexp.mjs": "8b9ba1b04d86262e578b7ed6f847ab744d87f8c6fdc93d0ce4814066346f253c",
    "https://esm.sh/escape-string-regexp@^4.0.0?target=esnext": "4fc2892f4166b956d6fd61c74e40e3f6b4913d0984da4c297c9a29fe3c14f657",
    "https://esm.sh/github-slugger@2.0.0/denonext/github-slugger.mjs": "8a2344aa76877552fbf3a155b45155c9fada7c3382260630d501ad21d4e4f706",
    "https://esm.sh/github-slugger@2.0.0?target=denonext": "d28cd7ca6c92db767c7d05e906b7cff215b9b90392306566e33a7763b1bbec33",
    "https://esm.sh/he@1.2.0": "bc304782debd103009d8ad8554a39142d747ad2bc3e41dd4925879611f5fd0dd",
    "https://esm.sh/he@1.2.0/denonext/he.mjs": "909418f242c58b64c65b0f18e3107395a3279a80c5521f0fc6551dbbe140ed14",
    "https://esm.sh/htmlparser2@8.0.2/esnext/htmlparser2.mjs": "d4f4a11aa982e1682f6c6124ffad788081881f8887f7d321e1a398e29093caac",
    "https://esm.sh/htmlparser2@8.0.2/esnext/lib/esm/Parser.mjs": "73c5c68c927a3f7ca9fe4cfa01ccc9dd485859d7831952e18d14eb94e28339b7",
    "https://esm.sh/htmlparser2@8.0.2/esnext/lib/esm/Tokenizer.mjs": "f4ccdbc4165d232b8dc371749893af47c9db7a5256ddc2ce0a06a2e2ec15415c",
    "https://esm.sh/htmlparser2@^8.0.0?target=esnext": "fea5b3b532eeb96d81b1177cbaf37e9577ddbfe404442085686d56b982e1375b",
    "https://esm.sh/katex@0.16.8/denonext/katex.mjs": "b8cc62eb1076a502b7f443b843c12310778bb9bc69b396ba4f4e9017ff8fce6e",
    "https://esm.sh/katex@0.16.8/dist/katex.mjs": "89be7a853a0e8b47dd921636918b8e8a5f5ee9a6580dfb4156e210829d19c451",
    "https://esm.sh/marked-gfm-heading-id@3.0.4/": "db188687fcec0dc677767e4945913807e0768527a8817c3006f1a500508c2fe3",
    "https://esm.sh/marked-gfm-heading-id@3.0.4/denonext/marked-gfm-heading-id.mjs": "6ac0aa084bb109d0d135d55f0d37092f1474a03d5795a19070880b185ab8a852",
    "https://esm.sh/marked-mangle@1.1.0": "370569d31ee8b79fb54f8642c0c481ce44a3f206018614624489224af1ad9253",
    "https://esm.sh/marked-mangle@1.1.0/denonext/marked-mangle.mjs": "b78f9cad69ca82c60c3a3f04fbd4d7f6e6cf0644893d6b32e7bf2516f0495ef5",
    "https://esm.sh/marked@5.1.0/": "4d6d832c9e8e0413b41823cd1fe1a950b21bd451199e74a217bc4a9c92c35076",
    "https://esm.sh/marked@5.1.0/denonext/marked.mjs": "95c002940dd74b4aadf94dae1ca8acdfe32fef674c664c8432046d730202499d",
    "https://esm.sh/nanoid@3.3.8/esnext/non-secure.mjs": "fddf4ab6510fe8b600cfa3fa6a38b05e275757135a156142d470fc7e544a600f",
    "https://esm.sh/nanoid@^3.3.8/non-secure?target=esnext": "920f8532a0e555289c7553d82428bdbbd3afc2c741d16aac67d67de881cf78f9",
    "https://esm.sh/node/buffer.mjs": "43d7ffab85c67adc0575a7d7c463e84a61ee8efc455d95665c8eb8d4a31e17cd",
    "https://esm.sh/node/chunk-2OF3LYRV.mjs": "d7de750c968c3ecde19048322afb56c171047475c042de0d183d636ec2261f5a",
    "https://esm.sh/node/chunk-5A4BT3HD.mjs": "b1e526e523e5ae29b61f2058adaeb20975c33ea4dd610582399df1a9311c39dc",
    "https://esm.sh/node/chunk-6GKFKS3A.mjs": "7902e4736377601004f9c88d66082a4ed0ab5615b4cd922011215527721916ab",
    "https://esm.sh/node/chunk-KJ4M6W4Z.mjs": "e758c20e0173250999825c305e42e2005ead5aae78927ccbd310d236254f434e",
    "https://esm.sh/node/fs.mjs": "5ba0de70aa86d4703260a4f1312d190ce8c4a586c31a30a7529bfb5c44cb1753",
    "https://esm.sh/node/path.mjs": "cae9540da52fce2321292b45936e839f523cb70fea4166feea75b764ddcff7e3",
    "https://esm.sh/node/process.mjs": "2c8eeaf6090c03d21bdcec5eddb33b105208c9ba3ef2c7be98f4d9b2495a624e",
    "https://esm.sh/node/querystring.mjs": "dedbd6385b2cb7999b4a245cc446100e3263e155ecdc51de07dbfda12907547b",
    "https://esm.sh/node/url.mjs": "74e9759ff9b2603b1f74134f1ae6d3844928245999314d7a88aceb81ed18454b",
    "https://esm.sh/parse-srcset@1.0.2/esnext/parse-srcset.mjs": "eaed6b50e95f4be186d52d09bdf27fc7f2cbdd18c300558b11e189db53e32c44",
    "https://esm.sh/parse-srcset@^1.0.2?target=esnext": "f48ce3f33d7e0e1a16b0a54642c95dcf299a22823b315a77abffe87ed20c9133",
    "https://esm.sh/picocolors@1.1.1/esnext/picocolors.mjs": "6e537224a8aadc11c580fc96615fc72ac2b1a8dedb817bf024905d6b8d78f83e",
    "https://esm.sh/picocolors@^1.1.1?target=esnext": "f73a6fbde16c3ba52dabe8c34d6e6860964cb22a6f1625d79ee2e9983e78273d",
    "https://esm.sh/postcss@8.5.1/esnext/lib/at-rule.mjs": "19ba20f24357e482d62d0279062ba9ec06e4f025ab5fd81e329155d691c6e032",
    "https://esm.sh/postcss@8.5.1/esnext/lib/comment.mjs": "38b12989cac10c0e7382499b8a86b05162f6b9f2c1539a2a2ad529c852c5db90",
    "https://esm.sh/postcss@8.5.1/esnext/lib/container.mjs": "97e60be226e040e09bb4ca84aa062d06e75ac41b445fad37716596b16ecaba2d",
    "https://esm.sh/postcss@8.5.1/esnext/lib/css-syntax-error.mjs": "6615be5f1959503ca6a697600fd5b3abfca0309af4091715446e7925579115c0",
    "https://esm.sh/postcss@8.5.1/esnext/lib/declaration.mjs": "b3edc67e5b8872bc09efb20acc50f18298d3eef50761221d600f75992ba4515f",
    "https://esm.sh/postcss@8.5.1/esnext/lib/document.mjs": "7b990eecf6f93ce72d449aaad32ff0b7c3ab8ae50d6e531be0c3f12bb38b6613",
    "https://esm.sh/postcss@8.5.1/esnext/lib/fromJSON.mjs": "f10a41062632f5e66bee502b9428216f53e7fb4546079d24e489531fea52db93",
    "https://esm.sh/postcss@8.5.1/esnext/lib/input.mjs": "c4206ee320aed75e320d1521e6c8b7f787253830d74dc2a36644dddb116080a4",
    "https://esm.sh/postcss@8.5.1/esnext/lib/lazy-result.mjs": "c7f22d5dfa8acc26aae56e5aa421629406b0d0d4c60f1186c0c57d63b364b5c7",
    "https://esm.sh/postcss@8.5.1/esnext/lib/list.mjs": "82a9b83f126b396d91cb6d935e4ff6d23e5b8b8da60da2cb73b8605a45202b3b",
    "https://esm.sh/postcss@8.5.1/esnext/lib/map-generator.mjs": "42a5e8424204daf684f281133589a3e63b0fef07985278da1385cda07399740e",
    "https://esm.sh/postcss@8.5.1/esnext/lib/no-work-result.mjs": "c65ea37fcf52c0f1ee7bf4de75479bad000b6de8cb4095b625c4a10a1ffb9f52",
    "https://esm.sh/postcss@8.5.1/esnext/lib/node.mjs": "7cd8f243ede3753091d5169ab8088d0a3370fcaab8f15ac895416498f1c66695",
    "https://esm.sh/postcss@8.5.1/esnext/lib/parse.mjs": "278afe48d435849439e48596d9df0a58c9852058a082c48371a70051e83f07c9",
    "https://esm.sh/postcss@8.5.1/esnext/lib/parser.mjs": "bf685e6cd9aa570f6cadf2de939cc69afe8e94f39de0b3a4b25feb76c96644e2",
    "https://esm.sh/postcss@8.5.1/esnext/lib/previous-map.mjs": "244168e1590d7617b77ee85e3ea4b4079620c08e7505dc1f6a9225810cb51519",
    "https://esm.sh/postcss@8.5.1/esnext/lib/processor.mjs": "5474b063f5d575f2038a56b97442e797064002c5ef1123d5a0b714e9718e622d",
    "https://esm.sh/postcss@8.5.1/esnext/lib/result.mjs": "edee7e43a01097007f1c796f5f44e986584bfb062d7570dea3a06fe0200577cd",
    "https://esm.sh/postcss@8.5.1/esnext/lib/root.mjs": "4a8d5e1bfc387c4a9e7c807636674375c1cdf5d2626567352ef33abf3fd48194",
    "https://esm.sh/postcss@8.5.1/esnext/lib/rule.mjs": "8b24ebd131af6bac3c9ff3fad634ed51add45412ca837fae97acaab685316457",
    "https://esm.sh/postcss@8.5.1/esnext/lib/stringifier.mjs": "43f231b376bb8d0fc03fbae4c3d2d624394ddcd8d348ebdadd32ff0b42edf9cc",
    "https://esm.sh/postcss@8.5.1/esnext/lib/stringify.mjs": "42b910ad8cdea468584a653a2101b88cbc93762f764c32880ea1ae185d012626",
    "https://esm.sh/postcss@8.5.1/esnext/lib/symbols.mjs": "192e7e34207d9c3c52506d624aad035c97438d651559360665d4e4c268c7b898",
    "https://esm.sh/postcss@8.5.1/esnext/lib/terminal-highlight.mjs": "7f1a0a46da69b3845b03c42f5a2916662945e9ae30ef26f64a6a0f4bfde8d589",
    "https://esm.sh/postcss@8.5.1/esnext/lib/tokenize.mjs": "e1e5706cc284b566998abea9bf4495ef6319f9c19e423d831e9d55f17436ae47",
    "https://esm.sh/postcss@8.5.1/esnext/lib/warn-once.mjs": "5064912f57d7cafd68c6f6ed9e6f7af9348359aae5c6dce4852de6e7e28c08cb",
    "https://esm.sh/postcss@8.5.1/esnext/lib/warning.mjs": "ccd00e6f21c2b1ac713c19e8f24a0fe8ecce21fb355025e3a7d5a2c98efe4613",
    "https://esm.sh/postcss@8.5.1/esnext/postcss.mjs": "b71fd54663410c492f596c97571fb6b71a2ea6e629e4fa811ada37e6ca65ef12",
    "https://esm.sh/postcss@^8.3.11?target=esnext": "183aa6c245f66737a690901ff81032f6840a0842a3a766b62b6825b62e154fb9",
    "https://esm.sh/preact@10.19.2/compat": "c34a7195b84ce7d7489cbc86143e8646d7ef7843b9d80e5c15618f5ec6e610e6",
    "https://esm.sh/preact@10.19.2/denonext/compat.mjs": "939013c6b409e34184934ff07d1397f936e541d824d090a20b97d7a86f35f2d1",
    "https://esm.sh/preact@10.19.2/denonext/hooks.mjs": "5930c8176fc7c3dae36262fadd0138f5bfa1a324d0ba4d2a32bda2ea81509567",
    "https://esm.sh/preact@10.19.2/denonext/preact.mjs": "21041a67baec6418eab84df650925bf461355388cc901370580312bbf9fbb4bf",
    "https://esm.sh/prismjs@1.29.0": "263ab9a7771b54d8a344ddfc031e31cb5aa0572c25773ea7d0a68cca6f91d060",
    "https://esm.sh/prismjs@1.29.0/denonext/prismjs.mjs": "22ae3128203d6ca4793dae7e1728b8d7db21b54e373e9538cae7a61cce159630",
    "https://esm.sh/sanitize-html@2.8.1/esnext/sanitize-html.mjs": "a17c2e34bf9b5fdbd2d3c1e0523799ad970ebc2604c65b63172151ea438c619c",
    "https://esm.sh/sanitize-html@2.8.1?target=esnext": "c836fe340c774ca6848fc2d32059d8cfa671cd3b07986549cb7ba9271f94ea06",
    "https://esm.sh/stable/chart.js@4.3.0/auto?target=es2022": "b263bdd43498d59b9513baf9ff0c32c106e1184d551d8816f0b9234eb2971e2f",
    "https://esm.sh/v135/@kurkle/color@0.3.2/es2022/color.mjs": "f58a39cebaabcb9796e07a5dd67040dd3284abbd22af200ab80eccf419009c26",
    "https://esm.sh/v135/chart.js@4.3.0/es2022/auto.js": "0274593ddea3826884dce6b3ce92733c77cab94541f639d00632ea2814d06e53",
    "https://esm.sh/v135/chart.js@4.3.0/es2022/chart.mjs": "474386bf5c5a63d220263b02138fd779d0394cddbc08951734f1b8d5a5dc0954"
  },
  "workspace": {
    "dependencies": [
      "jsr:@deno/kv-oauth@0.11",
      "jsr:@fresh/core@^2.3.3",
      "jsr:@std/assert@1",
      "jsr:@std/collections@^1.1.0",
      "jsr:@std/datetime@0.225",
      "jsr:@std/dotenv@0.225",
      "jsr:@std/http@^1.1.0",
      "jsr:@std/ulid@1",
      "npm:@preact/signals@^2.9.0",
      "npm:browserslist@^4.24.4",
      "npm:fast-blurhash@^1.1.4",
      "npm:gravatar@^1.8.2",
      "npm:lightningcss@^1.29.1",
      "npm:marked@^15.0.6",
      "npm:preact@^10.29.1"
    ]
  }
}
